
Microsoft Visual Studio Solution File, Format Version 12.00
# Visual Studio Version 16
VisualStudioVersion = 16.0.30717.126
MinimumVisualStudioVersion = 10.0.40219.1
Project("{9A19103F-16F7-4668-BE54-9A1E7A4F7556}") = "OptimalRoute", "NUnitTestProject1\OptimalRoute.csproj", "{D14A037B-2FC4-4077-89BF-057142CBB69B}"
EndProject
Project("{9A19103F-16F7-4668-BE54-9A1E7A4F7556}") = "Kerstpuzzel2020", "Kerstpuzzel2020\Kerstpuzzel2020.csproj", "{9EA44BE7-1F1A-41A2-9D74-CD6B545ACD7B}"
	ProjectSection(ProjectDependencies) = postProject
		{D14A037B-2FC4-4077-89BF-057142CBB69B} = {D14A037B-2FC4-4077-89BF-057142CBB69B}
	EndProjectSection
EndProject
Project("{FAE04EC0-301F-11D3-BF4B-00C04F79EFBC}") = "KerstpuzzelLibrary", "..\..\..\Kerstpuzzel\KerstpuzzelLibrary\KerstpuzzelLibrary.csproj", "{FFF5A6F8-E676-4FA9-96C1-49C4F1D0555F}"
EndProject
Global
	GlobalSection(SolutionConfigurationPlatforms) = preSolution
		Debug|Any CPU = Debug|Any CPU
		Release|Any CPU = Release|Any CPU
	EndGlobalSection
	GlobalSection(ProjectConfigurationPlatforms) = postSolution
		{D14A037B-2FC4-4077-89BF-057142CBB69B}.Debug|Any CPU.ActiveCfg = Debug|Any CPU
		{D14A037B-2FC4-4077-89BF-057142CBB69B}.Debug|Any CPU.Build.0 = Debug|Any CPU
		{D14A037B-2FC4-4077-89BF-057142CBB69B}.Release|Any CPU.ActiveCfg = Release|Any CPU
		{D14A037B-2FC4-4077-89BF-057142CBB69B}.Release|Any CPU.Build.0 = Release|Any CPU
		{9EA44BE7-1F1A-41A2-9D74-CD6B545ACD7B}.Debug|Any CPU.ActiveCfg = Debug|Any CPU
		{9EA44BE7-1F1A-41A2-9D74-CD6B545ACD7B}.Debug|Any CPU.Build.0 = Debug|Any CPU
		{9EA44BE7-1F1A-41A2-9D74-CD6B545ACD7B}.Release|Any CPU.ActiveCfg = Release|Any CPU
		{9EA44BE7-1F1A-41A2-9D74-CD6B545ACD7B}.Release|Any CPU.Build.0 = Release|Any CPU
		{FFF5A6F8-E676-4FA9-96C1-49C4F1D0555F}.Debug|Any CPU.ActiveCfg = Debug|Any CPU
		{FFF5A6F8-E676-4FA9-96C1-49C4F1D0555F}.Debug|Any CPU.Build.0 = Debug|Any CPU
		{FFF5A6F8-E676-4FA9-96C1-49C4F1D0555F}.Release|Any CPU.ActiveCfg = Release|Any CPU
		{FFF5A6F8-E676-4FA9-96C1-49C4F1D0555F}.Release|Any CPU.Build.0 = Release|Any CPU
	EndGlobalSection
	GlobalSection(SolutionProperties) = preSolution
		HideSolutionNode = FALSE
	EndGlobalSection
	GlobalSection(ExtensibilityGlobals) = postSolution
		SolutionGuid = {3F8DD58E-49FF-44D2-AE26-704AE209A134}
	EndGlobalSection
EndGlobal
